// !$*UTF8*$!
{
	archiveVersion = 1;
	classes = {
	};
	objectVersion = 45;
	objects = {

/* Begin PBXAggregateTarget section */
		A17C30FE1273B9450020D7ED /* Distribution */ = {
			isa = PBXAggregateTarget;
			buildConfigurationList = A17C310E1273B9890020D7ED /* Build configuration list for PBXAggregateTarget "Distribution" */;
			buildPhases = (
				A17C30FD1273B9450020D7ED /* ShellScript */,
			);
			dependencies = (
			);
			name = Distribution;
			productName = Distribution;
		};
/* End PBXAggregateTarget section */

/* Begin PBXBuildFile section */
		1DDD58160DA1D0A300B32029 /* MainMenu.xib in Resources */ = {isa = PBXBuildFile; fileRef = 1DDD58140DA1D0A300B32029 /* MainMenu.xib */; };
		256AC3DA0F4B6AC300CF3369 /* gfxCardStatusAppDelegate.m in Sources */ = {isa = PBXBuildFile; fileRef = 256AC3D90F4B6AC300CF3369 /* gfxCardStatusAppDelegate.m */; };
		8013EE1411A026EA000ECA36 /* PowerSourceMonitor.m in Sources */ = {isa = PBXBuildFile; fileRef = 8013EE1311A026EA000ECA36 /* PowerSourceMonitor.m */; };
		8D11072B0486CEB800E47090 /* InfoPlist.strings in Resources */ = {isa = PBXBuildFile; fileRef = 089C165CFE840E0CC02AAC07 /* InfoPlist.strings */; };
		8D11072D0486CEB800E47090 /* main.m in Sources */ = {isa = PBXBuildFile; fileRef = 29B97316FDCFA39411CA2CEA /* main.m */; settings = {ATTRIBUTES = (); }; };
		8D11072F0486CEB800E47090 /* Cocoa.framework in Frameworks */ = {isa = PBXBuildFile; fileRef = 1058C7A1FEA54F0111CA2CBB /* Cocoa.framework */; };
		A13C5E01119FA4C300E678FA /* proc.m in Sources */ = {isa = PBXBuildFile; fileRef = A13C5E00119FA4C300E678FA /* proc.m */; };
		A13C5FC0119FCFCF00E678FA /* Localizable.strings in Resources */ = {isa = PBXBuildFile; fileRef = A13C5FBE119FCFCF00E678FA /* Localizable.strings */; };
		A14C17F7124EBBFA00816A4A /* discrete-3-white.png in Resources */ = {isa = PBXBuildFile; fileRef = A14C17F5124EBBFA00816A4A /* discrete-3-white.png */; };
		A14C17F8124EBBFA00816A4A /* discrete-3.png in Resources */ = {isa = PBXBuildFile; fileRef = A14C17F6124EBBFA00816A4A /* discrete-3.png */; };
		A14C17FB124EBC1100816A4A /* intel-3-white.png in Resources */ = {isa = PBXBuildFile; fileRef = A14C17F9124EBC1100816A4A /* intel-3-white.png */; };
		A14C17FC124EBC1100816A4A /* nvidia-3-white.png in Resources */ = {isa = PBXBuildFile; fileRef = A14C17FA124EBC1100816A4A /* nvidia-3-white.png */; };
		A14C180B124EFE6300816A4A /* PrefsController.m in Sources */ = {isa = PBXBuildFile; fileRef = A14C180A124EFE6300816A4A /* PrefsController.m */; };
		A14C181C124F201400816A4A /* PrefsWindow.xib in Resources */ = {isa = PBXBuildFile; fileRef = A14C181A124F201400816A4A /* PrefsWindow.xib */; };
		A159E4EA1184E84300E68428 /* Sparkle.framework in Frameworks */ = {isa = PBXBuildFile; fileRef = A159E4E91184E84300E68428 /* Sparkle.framework */; };
		A159E4FC1184EC5100E68428 /* Sparkle.framework in CopyFiles */ = {isa = PBXBuildFile; fileRef = A159E4E91184E84300E68428 /* Sparkle.framework */; };
		A16B28F41196B0E7006EB263 /* README in Resources */ = {isa = PBXBuildFile; fileRef = A16B28F31196B0E7006EB263 /* README */; };
		A17220631236D90800636797 /* Growl.framework in Frameworks */ = {isa = PBXBuildFile; fileRef = A17220621236D90800636797 /* Growl.framework */; };
		A17220661236D91200636797 /* Growl.framework in CopyFiles */ = {isa = PBXBuildFile; fileRef = A17220621236D90800636797 /* Growl.framework */; };
		A17220A91236DA8A00636797 /* Growl Registration Ticket.growlRegDict in Resources */ = {isa = PBXBuildFile; fileRef = A17220981236DA0B00636797 /* Growl Registration Ticket.growlRegDict */; };
		A17221841236DE4200636797 /* Growl License.txt in Resources */ = {isa = PBXBuildFile; fileRef = A17221831236DE4200636797 /* Growl License.txt */; };
		A1A3A6F9118214E2008B8145 /* intel-3.png in Resources */ = {isa = PBXBuildFile; fileRef = A1A3A6F8118214E2008B8145 /* intel-3.png */; };
		A1D6AC5D11826BF00038AD1A /* nvidia-3.png in Resources */ = {isa = PBXBuildFile; fileRef = A1D6AC5C11826BF00038AD1A /* nvidia-3.png */; };
		A1D9C42011850DEF009A4DE1 /* dsa_pub.pem in Resources */ = {isa = PBXBuildFile; fileRef = A1D9C41F11850DEF009A4DE1 /* dsa_pub.pem */; };
		A1D9C43A11851B77009A4DE1 /* gfxCardStatus.icns in Resources */ = {isa = PBXBuildFile; fileRef = A1D9C43911851B77009A4DE1 /* gfxCardStatus.icns */; };
		A1E07D581194B42100683B07 /* IOKit.framework in Frameworks */ = {isa = PBXBuildFile; fileRef = A1E07D571194B42100683B07 /* IOKit.framework */; };
		A1E07E111194B42B00683B07 /* ApplicationServices.framework in Frameworks */ = {isa = PBXBuildFile; fileRef = A1E07E101194B42B00683B07 /* ApplicationServices.framework */; };
		A1E07E421194B7C900683B07 /* switcher.m in Sources */ = {isa = PBXBuildFile; fileRef = A1E07E411194B7C900683B07 /* switcher.m */; };
		A1E751E11180BF0B00A13CA8 /* systemProfiler.m in Sources */ = {isa = PBXBuildFile; fileRef = A1E751E01180BF0B00A13CA8 /* systemProfiler.m */; };
/* End PBXBuildFile section */

/* Begin PBXCopyFilesBuildPhase section */
		A159E5011184EC5D00E68428 /* CopyFiles */ = {
			isa = PBXCopyFilesBuildPhase;
			buildActionMask = 2147483647;
			dstPath = "";
			dstSubfolderSpec = 10;
			files = (
				A17220661236D91200636797 /* Growl.framework in CopyFiles */,
				A159E4FC1184EC5100E68428 /* Sparkle.framework in CopyFiles */,
			);
			runOnlyForDeploymentPostprocessing = 0;
		};
/* End PBXCopyFilesBuildPhase section */

/* Begin PBXFileReference section */
		089C165DFE840E0CC02AAC07 /* English */ = {isa = PBXFileReference; fileEncoding = 4; lastKnownFileType = text.plist.strings; name = English; path = English.lproj/InfoPlist.strings; sourceTree = "<group>"; };
		1058C7A1FEA54F0111CA2CBB /* Cocoa.framework */ = {isa = PBXFileReference; lastKnownFileType = wrapper.framework; name = Cocoa.framework; path = /System/Library/Frameworks/Cocoa.framework; sourceTree = "<absolute>"; };
		13E42FB307B3F0F600E4EEF1 /* CoreData.framework */ = {isa = PBXFileReference; lastKnownFileType = wrapper.framework; name = CoreData.framework; path = /System/Library/Frameworks/CoreData.framework; sourceTree = "<absolute>"; };
		1DDD58150DA1D0A300B32029 /* English */ = {isa = PBXFileReference; lastKnownFileType = file.xib; name = English; path = English.lproj/MainMenu.xib; sourceTree = "<group>"; };
		256AC3D80F4B6AC300CF3369 /* gfxCardStatusAppDelegate.h */ = {isa = PBXFileReference; fileEncoding = 4; lastKnownFileType = sourcecode.c.h; path = gfxCardStatusAppDelegate.h; sourceTree = "<group>"; };
		256AC3D90F4B6AC300CF3369 /* gfxCardStatusAppDelegate.m */ = {isa = PBXFileReference; fileEncoding = 4; lastKnownFileType = sourcecode.c.objc; path = gfxCardStatusAppDelegate.m; sourceTree = "<group>"; };
		256AC3F00F4B6AF500CF3369 /* gfxCardStatus_Prefix.pch */ = {isa = PBXFileReference; fileEncoding = 4; lastKnownFileType = sourcecode.c.h; path = gfxCardStatus_Prefix.pch; sourceTree = "<group>"; };
		29B97316FDCFA39411CA2CEA /* main.m */ = {isa = PBXFileReference; fileEncoding = 4; lastKnownFileType = sourcecode.c.objc; path = main.m; sourceTree = "<group>"; };
		29B97324FDCFA39411CA2CEA /* AppKit.framework */ = {isa = PBXFileReference; lastKnownFileType = wrapper.framework; name = AppKit.framework; path = /System/Library/Frameworks/AppKit.framework; sourceTree = "<absolute>"; };
		29B97325FDCFA39411CA2CEA /* Foundation.framework */ = {isa = PBXFileReference; lastKnownFileType = wrapper.framework; name = Foundation.framework; path = /System/Library/Frameworks/Foundation.framework; sourceTree = "<absolute>"; };
		8013EE1211A026EA000ECA36 /* PowerSourceMonitor.h */ = {isa = PBXFileReference; fileEncoding = 4; lastKnownFileType = sourcecode.c.h; path = PowerSourceMonitor.h; sourceTree = "<group>"; };
		8013EE1311A026EA000ECA36 /* PowerSourceMonitor.m */ = {isa = PBXFileReference; fileEncoding = 4; lastKnownFileType = sourcecode.c.objc; path = PowerSourceMonitor.m; sourceTree = "<group>"; };
		8D1107310486CEB800E47090 /* gfxCardStatus-Info.plist */ = {isa = PBXFileReference; fileEncoding = 4; lastKnownFileType = text.plist.xml; path = "gfxCardStatus-Info.plist"; sourceTree = "<group>"; };
		8D1107320486CEB800E47090 /* gfxCardStatus.app */ = {isa = PBXFileReference; explicitFileType = wrapper.application; includeInIndex = 0; path = gfxCardStatus.app; sourceTree = BUILT_PRODUCTS_DIR; };
		A10D2E5811C63CC100E8E2C7 /* Italian */ = {isa = PBXFileReference; lastKnownFileType = text.plist.strings; name = Italian; path = Italian.lproj/Localizable.strings; sourceTree = "<group>"; };
		A12DE37712064D3F00D8E08C /* zh_CN */ = {isa = PBXFileReference; lastKnownFileType = text.plist.strings; name = zh_CN; path = zh_CN.lproj/Localizable.strings; sourceTree = "<group>"; };
		A12DE37812064D4400D8E08C /* zh_TW */ = {isa = PBXFileReference; lastKnownFileType = text.plist.strings; name = zh_TW; path = zh_TW.lproj/Localizable.strings; sourceTree = "<group>"; };
		A13C5DFF119FA4C300E678FA /* proc.h */ = {isa = PBXFileReference; fileEncoding = 4; lastKnownFileType = sourcecode.c.h; path = proc.h; sourceTree = "<group>"; };
		A13C5E00119FA4C300E678FA /* proc.m */ = {isa = PBXFileReference; fileEncoding = 4; lastKnownFileType = sourcecode.c.objc; path = proc.m; sourceTree = "<group>"; };
		A13C5FBF119FCFCF00E678FA /* English */ = {isa = PBXFileReference; fileEncoding = 4; lastKnownFileType = text.plist.strings; name = English; path = English.lproj/Localizable.strings; sourceTree = "<group>"; };
		A13C5FC1119FCFE700E678FA /* French */ = {isa = PBXFileReference; lastKnownFileType = text.plist.strings; name = French; path = French.lproj/Localizable.strings; sourceTree = "<group>"; };
		A13D891D1268F832007EB119 /* Spanish */ = {isa = PBXFileReference; lastKnownFileType = text.plist.strings; name = Spanish; path = Spanish.lproj/Localizable.strings; sourceTree = "<group>"; };
		A13D891E1268FE8C007EB119 /* Danish */ = {isa = PBXFileReference; lastKnownFileType = text.plist.strings; name = Danish; path = Danish.lproj/Localizable.strings; sourceTree = "<group>"; };
		A14390AE11C53FCD00E4D2A5 /* German */ = {isa = PBXFileReference; lastKnownFileType = text.plist.strings; name = German; path = German.lproj/Localizable.strings; sourceTree = "<group>"; };
		A14C17F5124EBBFA00816A4A /* discrete-3-white.png */ = {isa = PBXFileReference; lastKnownFileType = image.png; path = "discrete-3-white.png"; sourceTree = "<group>"; };
		A14C17F6124EBBFA00816A4A /* discrete-3.png */ = {isa = PBXFileReference; lastKnownFileType = image.png; path = "discrete-3.png"; sourceTree = "<group>"; };
		A14C17F9124EBC1100816A4A /* intel-3-white.png */ = {isa = PBXFileReference; lastKnownFileType = image.png; path = "intel-3-white.png"; sourceTree = "<group>"; };
		A14C17FA124EBC1100816A4A /* nvidia-3-white.png */ = {isa = PBXFileReference; lastKnownFileType = image.png; path = "nvidia-3-white.png"; sourceTree = "<group>"; };
		A14C1809124EFE6300816A4A /* PrefsController.h */ = {isa = PBXFileReference; fileEncoding = 4; lastKnownFileType = sourcecode.c.h; path = PrefsController.h; sourceTree = "<group>"; };
		A14C180A124EFE6300816A4A /* PrefsController.m */ = {isa = PBXFileReference; fileEncoding = 4; lastKnownFileType = sourcecode.c.objc; path = PrefsController.m; sourceTree = "<group>"; };
		A14C181B124F201400816A4A /* English */ = {isa = PBXFileReference; lastKnownFileType = file.xib; name = English; path = English.lproj/PrefsWindow.xib; sourceTree = "<group>"; };
		A1510B3A128D0A760076D88E /* Swedish */ = {isa = PBXFileReference; lastKnownFileType = text.plist.strings; name = Swedish; path = Swedish.lproj/Localizable.strings; sourceTree = "<group>"; };
		A159E4E91184E84300E68428 /* Sparkle.framework */ = {isa = PBXFileReference; lastKnownFileType = wrapper.framework; path = Sparkle.framework; sourceTree = "<group>"; };
		A16B28F31196B0E7006EB263 /* README */ = {isa = PBXFileReference; fileEncoding = 4; lastKnownFileType = text; path = README; sourceTree = "<group>"; };
		A17220621236D90800636797 /* Growl.framework */ = {isa = PBXFileReference; lastKnownFileType = wrapper.framework; path = Growl.framework; sourceTree = "<group>"; };
		A17220981236DA0B00636797 /* Growl Registration Ticket.growlRegDict */ = {isa = PBXFileReference; fileEncoding = 4; lastKnownFileType = text; path = "Growl Registration Ticket.growlRegDict"; sourceTree = "<group>"; };
		A17221831236DE4200636797 /* Growl License.txt */ = {isa = PBXFileReference; fileEncoding = 4; lastKnownFileType = text; path = "Growl License.txt"; sourceTree = "<group>"; };
		A1A3A6F8118214E2008B8145 /* intel-3.png */ = {isa = PBXFileReference; lastKnownFileType = image.png; path = "intel-3.png"; sourceTree = "<group>"; };
		A1D6AC5C11826BF00038AD1A /* nvidia-3.png */ = {isa = PBXFileReference; lastKnownFileType = image.png; path = "nvidia-3.png"; sourceTree = "<group>"; };
		A1D9C41F11850DEF009A4DE1 /* dsa_pub.pem */ = {isa = PBXFileReference; fileEncoding = 4; lastKnownFileType = text; path = dsa_pub.pem; sourceTree = "<group>"; };
		A1D9C43911851B77009A4DE1 /* gfxCardStatus.icns */ = {isa = PBXFileReference; lastKnownFileType = image.icns; path = gfxCardStatus.icns; sourceTree = "<group>"; };
		A1E07D571194B42100683B07 /* IOKit.framework */ = {isa = PBXFileReference; lastKnownFileType = wrapper.framework; name = IOKit.framework; path = System/Library/Frameworks/IOKit.framework; sourceTree = SDKROOT; };
		A1E07E101194B42B00683B07 /* ApplicationServices.framework */ = {isa = PBXFileReference; lastKnownFileType = wrapper.framework; name = ApplicationServices.framework; path = System/Library/Frameworks/ApplicationServices.framework; sourceTree = SDKROOT; };
		A1E07E401194B7C900683B07 /* switcher.h */ = {isa = PBXFileReference; fileEncoding = 4; lastKnownFileType = sourcecode.c.h; path = switcher.h; sourceTree = "<group>"; };
		A1E07E411194B7C900683B07 /* switcher.m */ = {isa = PBXFileReference; fileEncoding = 4; lastKnownFileType = sourcecode.c.objc; path = switcher.m; sourceTree = "<group>"; };
		A1E751DF1180BF0B00A13CA8 /* systemProfiler.h */ = {isa = PBXFileReference; fileEncoding = 4; lastKnownFileType = sourcecode.c.h; path = systemProfiler.h; sourceTree = "<group>"; };
		A1E751E01180BF0B00A13CA8 /* systemProfiler.m */ = {isa = PBXFileReference; fileEncoding = 4; lastKnownFileType = sourcecode.c.objc; path = systemProfiler.m; sourceTree = "<group>"; };
/* End PBXFileReference section */

/* Begin PBXFrameworksBuildPhase section */
		8D11072E0486CEB800E47090 /* Frameworks */ = {
			isa = PBXFrameworksBuildPhase;
			buildActionMask = 2147483647;
			files = (
				8D11072F0486CEB800E47090 /* Cocoa.framework in Frameworks */,
				A159E4EA1184E84300E68428 /* Sparkle.framework in Frameworks */,
				A1E07D581194B42100683B07 /* IOKit.framework in Frameworks */,
				A1E07E111194B42B00683B07 /* ApplicationServices.framework in Frameworks */,
				A17220631236D90800636797 /* Growl.framework in Frameworks */,
			);
			runOnlyForDeploymentPostprocessing = 0;
		};
/* End PBXFrameworksBuildPhase section */

/* Begin PBXGroup section */
		080E96DDFE201D6D7F000001 /* Classes */ = {
			isa = PBXGroup;
			children = (
				256AC3D80F4B6AC300CF3369 /* gfxCardStatusAppDelegate.h */,
				256AC3D90F4B6AC300CF3369 /* gfxCardStatusAppDelegate.m */,
				A14C1809124EFE6300816A4A /* PrefsController.h */,
				A14C180A124EFE6300816A4A /* PrefsController.m */,
				8013EE1211A026EA000ECA36 /* PowerSourceMonitor.h */,
				8013EE1311A026EA000ECA36 /* PowerSourceMonitor.m */,
				A1E751DF1180BF0B00A13CA8 /* systemProfiler.h */,
				A1E751E01180BF0B00A13CA8 /* systemProfiler.m */,
				A1E07E401194B7C900683B07 /* switcher.h */,
				A1E07E411194B7C900683B07 /* switcher.m */,
				A13C5DFF119FA4C300E678FA /* proc.h */,
				A13C5E00119FA4C300E678FA /* proc.m */,
			);
			name = Classes;
			sourceTree = "<group>";
		};
		1058C7A0FEA54F0111CA2CBB /* Linked Frameworks */ = {
			isa = PBXGroup;
			children = (
				A159E4E91184E84300E68428 /* Sparkle.framework */,
				1058C7A1FEA54F0111CA2CBB /* Cocoa.framework */,
				A1E07D571194B42100683B07 /* IOKit.framework */,
				A1E07E101194B42B00683B07 /* ApplicationServices.framework */,
				A17220621236D90800636797 /* Growl.framework */,
			);
			name = "Linked Frameworks";
			sourceTree = "<group>";
		};
		1058C7A2FEA54F0111CA2CBB /* Other Frameworks */ = {
			isa = PBXGroup;
			children = (
				29B97324FDCFA39411CA2CEA /* AppKit.framework */,
				13E42FB307B3F0F600E4EEF1 /* CoreData.framework */,
				29B97325FDCFA39411CA2CEA /* Foundation.framework */,
			);
			name = "Other Frameworks";
			sourceTree = "<group>";
		};
		19C28FACFE9D520D11CA2CBB /* Products */ = {
			isa = PBXGroup;
			children = (
				8D1107320486CEB800E47090 /* gfxCardStatus.app */,
			);
			name = Products;
			sourceTree = "<group>";
		};
		29B97314FDCFA39411CA2CEA /* gfxCardStatus */ = {
			isa = PBXGroup;
			children = (
				080E96DDFE201D6D7F000001 /* Classes */,
				29B97315FDCFA39411CA2CEA /* Other Sources */,
				29B97317FDCFA39411CA2CEA /* Resources */,
				29B97323FDCFA39411CA2CEA /* Frameworks */,
				19C28FACFE9D520D11CA2CBB /* Products */,
			);
			name = gfxCardStatus;
			sourceTree = "<group>";
		};
		29B97315FDCFA39411CA2CEA /* Other Sources */ = {
			isa = PBXGroup;
			children = (
				256AC3F00F4B6AF500CF3369 /* gfxCardStatus_Prefix.pch */,
				29B97316FDCFA39411CA2CEA /* main.m */,
			);
			name = "Other Sources";
			sourceTree = "<group>";
		};
		29B97317FDCFA39411CA2CEA /* Resources */ = {
			isa = PBXGroup;
			children = (
				A16B28F31196B0E7006EB263 /* README */,
				A17221831236DE4200636797 /* Growl License.txt */,
				A1D9C43911851B77009A4DE1 /* gfxCardStatus.icns */,
				A1D6AC5C11826BF00038AD1A /* nvidia-3.png */,
				A14C17FA124EBC1100816A4A /* nvidia-3-white.png */,
				A1A3A6F8118214E2008B8145 /* intel-3.png */,
				A14C17F9124EBC1100816A4A /* intel-3-white.png */,
				A14C17F6124EBBFA00816A4A /* discrete-3.png */,
				A14C17F5124EBBFA00816A4A /* discrete-3-white.png */,
				A1D9C41F11850DEF009A4DE1 /* dsa_pub.pem */,
				A17220981236DA0B00636797 /* Growl Registration Ticket.growlRegDict */,
				8D1107310486CEB800E47090 /* gfxCardStatus-Info.plist */,
				089C165CFE840E0CC02AAC07 /* InfoPlist.strings */,
				1DDD58140DA1D0A300B32029 /* MainMenu.xib */,
				A14C181A124F201400816A4A /* PrefsWindow.xib */,
				A13C5FBE119FCFCF00E678FA /* Localizable.strings */,
			);
			name = Resources;
			sourceTree = "<group>";
		};
		29B97323FDCFA39411CA2CEA /* Frameworks */ = {
			isa = PBXGroup;
			children = (
				1058C7A0FEA54F0111CA2CBB /* Linked Frameworks */,
				1058C7A2FEA54F0111CA2CBB /* Other Frameworks */,
			);
			name = Frameworks;
			sourceTree = "<group>";
		};
/* End PBXGroup section */

/* Begin PBXNativeTarget section */
		8D1107260486CEB800E47090 /* gfxCardStatus */ = {
			isa = PBXNativeTarget;
			buildConfigurationList = C01FCF4A08A954540054247B /* Build configuration list for PBXNativeTarget "gfxCardStatus" */;
			buildPhases = (
				8D1107290486CEB800E47090 /* Resources */,
				8D11072C0486CEB800E47090 /* Sources */,
				8D11072E0486CEB800E47090 /* Frameworks */,
				A159E5011184EC5D00E68428 /* CopyFiles */,
			);
			buildRules = (
			);
			dependencies = (
			);
			name = gfxCardStatus;
			productInstallPath = "$(HOME)/Applications";
			productName = gfxCardStatus;
			productReference = 8D1107320486CEB800E47090 /* gfxCardStatus.app */;
			productType = "com.apple.product-type.application";
		};
/* End PBXNativeTarget section */

/* Begin PBXProject section */
		29B97313FDCFA39411CA2CEA /* Project object */ = {
			isa = PBXProject;
			buildConfigurationList = C01FCF4E08A954540054247B /* Build configuration list for PBXProject "gfxCardStatus" */;
			compatibilityVersion = "Xcode 3.1";
			developmentRegion = English;
			hasScannedForEncodings = 1;
			knownRegions = (
				English,
				Japanese,
				French,
				German,
				Italian,
				zh_CN,
				zh_TW,
				Spanish,
				Danish,
				Swedish,
			);
			mainGroup = 29B97314FDCFA39411CA2CEA /* gfxCardStatus */;
			projectDirPath = "";
			projectRoot = "";
			targets = (
				8D1107260486CEB800E47090 /* gfxCardStatus */,
				A17C30FE1273B9450020D7ED /* Distribution */,
			);
		};
/* End PBXProject section */

/* Begin PBXResourcesBuildPhase section */
		8D1107290486CEB800E47090 /* Resources */ = {
			isa = PBXResourcesBuildPhase;
			buildActionMask = 2147483647;
			files = (
				8D11072B0486CEB800E47090 /* InfoPlist.strings in Resources */,
				1DDD58160DA1D0A300B32029 /* MainMenu.xib in Resources */,
				A1A3A6F9118214E2008B8145 /* intel-3.png in Resources */,
				A1D6AC5D11826BF00038AD1A /* nvidia-3.png in Resources */,
				A1D9C42011850DEF009A4DE1 /* dsa_pub.pem in Resources */,
				A1D9C43A11851B77009A4DE1 /* gfxCardStatus.icns in Resources */,
				A16B28F41196B0E7006EB263 /* README in Resources */,
				A13C5FC0119FCFCF00E678FA /* Localizable.strings in Resources */,
				A17220A91236DA8A00636797 /* Growl Registration Ticket.growlRegDict in Resources */,
				A17221841236DE4200636797 /* Growl License.txt in Resources */,
				A14C17F7124EBBFA00816A4A /* discrete-3-white.png in Resources */,
				A14C17F8124EBBFA00816A4A /* discrete-3.png in Resources */,
				A14C17FB124EBC1100816A4A /* intel-3-white.png in Resources */,
				A14C17FC124EBC1100816A4A /* nvidia-3-white.png in Resources */,
				A14C181C124F201400816A4A /* PrefsWindow.xib in Resources */,
			);
			runOnlyForDeploymentPostprocessing = 0;
		};
/* End PBXResourcesBuildPhase section */

/* Begin PBXShellScriptBuildPhase section */
		A17C30FD1273B9450020D7ED /* ShellScript */ = {
			isa = PBXShellScriptBuildPhase;
			buildActionMask = 2147483647;
			files = (
			);
			inputPaths = (
			);
			outputPaths = (
			);
			runOnlyForDeploymentPostprocessing = 0;
			shellPath = /bin/bash;
			shellScript = "set -o errexit\n\n[ $BUILD_STYLE = Release ] || { echo Distribution target requires \"'Release'\" build style; false; }\n\nVERSION=$(defaults read \"$BUILT_PRODUCTS_DIR/$PROJECT_NAME.app/Contents/Info\" CFBundleVersion)\nDOWNLOAD_BASE_URL=\"http://codykrieger.com/gfxCardStatus\"\nRELEASENOTES_URL=\"http://codykrieger.com/gfxCardStatus/releasenotes/$VERSION.html\"\n\nARCHIVE_FILENAME=\"$PROJECT_NAME-$VERSION.zip\"\nDOWNLOAD_URL=\"$DOWNLOAD_BASE_URL/$ARCHIVE_FILENAME\"\nKEYCHAIN_PRIVKEY_NAME=\"Sparkle Private Key\"\n\nWD=$PWD\ncd \"$BUILT_PRODUCTS_DIR\"\nrm -f \"$PROJECT_NAME\"*.zip\nditto -ck --keepParent \"$PROJECT_NAME.app\" \"$ARCHIVE_FILENAME\"\n\nSIZE=$(stat -f %z \"$ARCHIVE_FILENAME\")\nPUBDATE=$(LC_TIME=en_US date +\"%a, %d %b %G %T %z\")\nSIGNATURE=$(\n\topenssl dgst -sha1 -binary < \"$ARCHIVE_FILENAME\" \\\n\t| openssl dgst -dss1 -sign <(security find-generic-password -g -s \"$KEYCHAIN_PRIVKEY_NAME\" 2>&1 1>/dev/null | perl -pe '($_) = /\"(.+)\"/; s/\\\\012/\\n/g' | perl -MXML::LibXML -e 'print XML::LibXML->new()->parse_file(\"-\")->findvalue(q(//string[preceding-sibling::key[1] = \"NOTE\"]))') \\\n\t| openssl enc -base64\n)\n\n[ $SIGNATURE ] || { echo Unable to load signing private key with name \"'$KEYCHAIN_PRIVKEY_NAME'\" from keychain; false; }\n\ncat <<EOF\n<item>\n  <title>Version $VERSION</title>\n  <sparkle:releaseNotesLink>\n    $RELEASENOTES_URL\n  </sparkle:releaseNotesLink>\n  <pubDate>$PUBDATE</pubDate>\n  <enclosure url=\"$DOWNLOAD_URL\" sparkle:version=\"$VERSION\" length=\"$SIZE\" type=\"application/octet-stream\" sparkle:dsaSignature=\"$SIGNATURE\" />\n</item>\nEOF\n\necho scp \"'$HOME/projects/gfxCardStatus/build/Release/$ARCHIVE_FILENAME'\" codykrieger.com:codykrieger.com/gfxCardStatus\necho scp \"'$HOME/projects/codykrieger.com/gfxCardStatus/appcast.xml'\" codykrieger.com:codykrieger.com/gfxCardStatus/appcast.xml";
		};
/* End PBXShellScriptBuildPhase section */

/* Begin PBXSourcesBuildPhase section */
		8D11072C0486CEB800E47090 /* Sources */ = {
			isa = PBXSourcesBuildPhase;
			buildActionMask = 2147483647;
			files = (
				8D11072D0486CEB800E47090 /* main.m in Sources */,
				256AC3DA0F4B6AC300CF3369 /* gfxCardStatusAppDelegate.m in Sources */,
				A1E751E11180BF0B00A13CA8 /* systemProfiler.m in Sources */,
				A1E07E421194B7C900683B07 /* switcher.m in Sources */,
				A13C5E01119FA4C300E678FA /* proc.m in Sources */,
				8013EE1411A026EA000ECA36 /* PowerSourceMonitor.m in Sources */,
				A14C180B124EFE6300816A4A /* PrefsController.m in Sources */,
			);
			runOnlyForDeploymentPostprocessing = 0;
		};
/* End PBXSourcesBuildPhase section */

/* Begin PBXVariantGroup section */
		089C165CFE840E0CC02AAC07 /* InfoPlist.strings */ = {
			isa = PBXVariantGroup;
			children = (
				089C165DFE840E0CC02AAC07 /* English */,
			);
			name = InfoPlist.strings;
			sourceTree = "<group>";
		};
		1DDD58140DA1D0A300B32029 /* MainMenu.xib */ = {
			isa = PBXVariantGroup;
			children = (
				1DDD58150DA1D0A300B32029 /* English */,
			);
			name = MainMenu.xib;
			sourceTree = "<group>";
		};
		A13C5FBE119FCFCF00E678FA /* Localizable.strings */ = {
			isa = PBXVariantGroup;
			children = (
				A13C5FBF119FCFCF00E678FA /* English */,
				A13C5FC1119FCFE700E678FA /* French */,
				A14390AE11C53FCD00E4D2A5 /* German */,
				A10D2E5811C63CC100E8E2C7 /* Italian */,
				A12DE37712064D3F00D8E08C /* zh_CN */,
				A12DE37812064D4400D8E08C /* zh_TW */,
				A13D891D1268F832007EB119 /* Spanish */,
				A13D891E1268FE8C007EB119 /* Danish */,
				A1510B3A128D0A760076D88E /* Swedish */,
			);
			name = Localizable.strings;
			sourceTree = "<group>";
		};
		A14C181A124F201400816A4A /* PrefsWindow.xib */ = {
			isa = PBXVariantGroup;
			children = (
				A14C181B124F201400816A4A /* English */,
			);
			name = PrefsWindow.xib;
			sourceTree = "<group>";
		};
/* End PBXVariantGroup section */

/* Begin XCBuildConfiguration section */
		A17C30FF1273B9450020D7ED /* Debug */ = {
			isa = XCBuildConfiguration;
			buildSettings = {
				COPY_PHASE_STRIP = NO;
				GCC_DYNAMIC_NO_PIC = NO;
				GCC_OPTIMIZATION_LEVEL = 0;
				PRODUCT_NAME = Distribution;
			};
			name = Debug;
		};
		A17C31001273B9450020D7ED /* Release */ = {
			isa = XCBuildConfiguration;
			buildSettings = {
				COPY_PHASE_STRIP = YES;
				DEBUG_INFORMATION_FORMAT = "dwarf-with-dsym";
				GCC_ENABLE_FIX_AND_CONTINUE = NO;
				PRODUCT_NAME = Distribution;
				ZERO_LINK = NO;
			};
			name = Release;
		};
		C01FCF4B08A954540054247B /* Debug */ = {
			isa = XCBuildConfiguration;
			buildSettings = {
				ALWAYS_SEARCH_USER_PATHS = NO;
				COPY_PHASE_STRIP = NO;
				FRAMEWORK_SEARCH_PATHS = (
					"$(inherited)",
					"\"$(SRCROOT)\"",
				);
				GCC_DYNAMIC_NO_PIC = NO;
				GCC_ENABLE_FIX_AND_CONTINUE = YES;
				GCC_MODEL_TUNING = G5;
				GCC_OPTIMIZATION_LEVEL = 0;
				GCC_PRECOMPILE_PREFIX_HEADER = YES;
				GCC_PREFIX_HEADER = gfxCardStatus_Prefix.pch;
				INFOPLIST_FILE = "gfxCardStatus-Info.plist";
				INSTALL_PATH = "$(HOME)/Applications";
				PRODUCT_NAME = gfxCardStatus;
			};
			name = Debug;
		};
		C01FCF4C08A954540054247B /* Release */ = {
			isa = XCBuildConfiguration;
			buildSettings = {
				ALWAYS_SEARCH_USER_PATHS = NO;
				DEBUG_INFORMATION_FORMAT = "dwarf-with-dsym";
				FRAMEWORK_SEARCH_PATHS = (
					"$(inherited)",
					"\"$(SRCROOT)\"",
				);
				GCC_MODEL_TUNING = G5;
				GCC_PRECOMPILE_PREFIX_HEADER = YES;
				GCC_PREFIX_HEADER = gfxCardStatus_Prefix.pch;
				INFOPLIST_FILE = "gfxCardStatus-Info.plist";
				INSTALL_PATH = "$(HOME)/Applications";
				PRODUCT_NAME = gfxCardStatus;
			};
			name = Release;
		};
		C01FCF4F08A954540054247B /* Debug */ = {
			isa = XCBuildConfiguration;
			buildSettings = {
				ARCHS = "$(ARCHS_STANDARD_32_64_BIT)";
				GCC_C_LANGUAGE_STANDARD = gnu99;
				GCC_OPTIMIZATION_LEVEL = 0;
				GCC_WARN_ABOUT_RETURN_TYPE = YES;
				GCC_WARN_UNUSED_VARIABLE = YES;
				ONLY_ACTIVE_ARCH = YES;
				PREBINDING = NO;
				SDKROOT = macosx10.6;
			};
			name = Debug;
		};
		C01FCF5008A954540054247B /* Release */ = {
			isa = XCBuildConfiguration;
			buildSettings = {
				ARCHS = "$(ARCHS_STANDARD_64_BIT)";
				EXCLUDED_RECURSIVE_SEARCH_PATH_SUBDIRECTORIES = ".git *.nib *.lproj *.framework *.gch *.xcode* (*) CVS .svn";
				GCC_C_LANGUAGE_STANDARD = gnu99;
				GCC_VERSION = com.apple.compilers.llvm.clang.1_0;
				GCC_WARN_ABOUT_RETURN_TYPE = YES;
				GCC_WARN_UNUSED_VARIABLE = YES;
				PREBINDING = NO;
				SDKROOT = macosx10.6;
			};
			name = Release;
		};
/* End XCBuildConfiguration section */

/* Begin XCConfigurationList section */
		A17C310E1273B9890020D7ED /* Build configuration list for PBXAggregateTarget "Distribution" */ = {
			isa = XCConfigurationList;
			buildConfigurations = (
				A17C30FF1273B9450020D7ED /* Debug */,
				A17C31001273B9450020D7ED /* Release */,
			);
			defaultConfigurationIsVisible = 0;
			defaultConfigurationName = Release;
		};
		C01FCF4A08A954540054247B /* Build configuration list for PBXNativeTarget "gfxCardStatus" */ = {
			isa = XCConfigurationList;
			buildConfigurations = (
				C01FCF4B08A954540054247B /* Debug */,
				C01FCF4C08A954540054247B /* Release */,
			);
			defaultConfigurationIsVisible = 0;
			defaultConfigurationName = Release;
		};
		C01FCF4E08A954540054247B /* Build configuration list for PBXProject "gfxCardStatus" */ = {
			isa = XCConfigurationList;
			buildConfigurations = (
				C01FCF4F08A954540054247B /* Debug */,
				C01FCF5008A954540054247B /* Release */,
			);
			defaultConfigurationIsVisible = 0;
			defaultConfigurationName = Release;
		};
/* End XCConfigurationList section */
	};
	rootObject = 29B97313FDCFA39411CA2CEA /* Project object */;
}
