// !$*UTF8*$!
{
	archiveVersion = 1;
	classes = {
	};
	objectVersion = 46;
	objects = {

/* Begin PBXBuildFile section */
		1DDD58160DA1D0A300B32029 /* MainMenu.xib in Resources */ = {isa = PBXBuildFile; fileRef = 1DDD58140DA1D0A300B32029 /* MainMenu.xib */; };
		256AC3DA0F4B6AC300CF3369 /* gfxCardStatusAppDelegate.m in Sources */ = {isa = PBXBuildFile; fileRef = 256AC3D90F4B6AC300CF3369 /* gfxCardStatusAppDelegate.m */; };
		8D11072B0486CEB800E47090 /* InfoPlist.strings in Resources */ = {isa = PBXBuildFile; fileRef = 089C165CFE840E0CC02AAC07 /* InfoPlist.strings */; };
		8D11072D0486CEB800E47090 /* main.m in Sources */ = {isa = PBXBuildFile; fileRef = 29B97316FDCFA39411CA2CEA /* main.m */; settings = {ATTRIBUTES = (); }; };
		8D11072F0486CEB800E47090 /* Cocoa.framework in Frameworks */ = {isa = PBXBuildFile; fileRef = 1058C7A1FEA54F0111CA2CBB /* Cocoa.framework */; };
		A11599BE13D429750097E4BC /* AdvancedPreferencesViewController.m in Sources */ = {isa = PBXBuildFile; fileRef = A11599B813D429750097E4BC /* AdvancedPreferencesViewController.m */; };
		A11599BF13D429750097E4BC /* GeneralPreferencesViewController.m in Sources */ = {isa = PBXBuildFile; fileRef = A11599BA13D429750097E4BC /* GeneralPreferencesViewController.m */; };
		A11599C013D429750097E4BC /* PreferencesWindowController.m in Sources */ = {isa = PBXBuildFile; fileRef = A11599BD13D429750097E4BC /* PreferencesWindowController.m */; };
		A11599C613D429860097E4BC /* AdvancedPreferencesView.xib in Resources */ = {isa = PBXBuildFile; fileRef = A11599C213D429860097E4BC /* AdvancedPreferencesView.xib */; };
		A11599C713D429860097E4BC /* GeneralPreferencesView.xib in Resources */ = {isa = PBXBuildFile; fileRef = A11599C413D429860097E4BC /* GeneralPreferencesView.xib */; };
		A12AACD1158B1EEC00CD140F /* Growl.framework in CopyFiles */ = {isa = PBXBuildFile; fileRef = A1B9412B15899CFD000EE7A7 /* Growl.framework */; };
		A12AACD3158C9DE100CD140F /* QuartzCore.framework in Frameworks */ = {isa = PBXBuildFile; fileRef = A12AACD2158C9DE100CD140F /* QuartzCore.framework */; };
		A13C5FC0119FCFCF00E678FA /* Localizable.strings in Resources */ = {isa = PBXBuildFile; fileRef = A13C5FBE119FCFCF00E678FA /* Localizable.strings */; };
		A14B9EA013C55A33009A761C /* discrete-a-white.png in Resources */ = {isa = PBXBuildFile; fileRef = A14B9E9E13C55A33009A761C /* discrete-a-white.png */; };
		A14B9EA113C55A33009A761C /* discrete-a.png in Resources */ = {isa = PBXBuildFile; fileRef = A14B9E9F13C55A33009A761C /* discrete-a.png */; };
		A14B9EAB13C5613F009A761C /* Credits.rtf in Resources */ = {isa = PBXBuildFile; fileRef = A14B9EAA13C5613F009A761C /* Credits.rtf */; };
		A14C17F7124EBBFA00816A4A /* discrete-d-white.png in Resources */ = {isa = PBXBuildFile; fileRef = A14C17F5124EBBFA00816A4A /* discrete-d-white.png */; };
		A14C17F8124EBBFA00816A4A /* discrete-d.png in Resources */ = {isa = PBXBuildFile; fileRef = A14C17F6124EBBFA00816A4A /* discrete-d.png */; };
		A14C17FB124EBC1100816A4A /* integrated-i-white.png in Resources */ = {isa = PBXBuildFile; fileRef = A14C17F9124EBC1100816A4A /* integrated-i-white.png */; };
		A14C17FC124EBC1100816A4A /* discrete-n-white.png in Resources */ = {isa = PBXBuildFile; fileRef = A14C17FA124EBC1100816A4A /* discrete-n-white.png */; };
		A14C180B124EFE6300816A4A /* GSPreferences.m in Sources */ = {isa = PBXBuildFile; fileRef = A14C180A124EFE6300816A4A /* GSPreferences.m */; };
		A159E4EA1184E84300E68428 /* Sparkle.framework in Frameworks */ = {isa = PBXBuildFile; fileRef = A159E4E91184E84300E68428 /* Sparkle.framework */; };
		A159E4FC1184EC5100E68428 /* Sparkle.framework in CopyFiles */ = {isa = PBXBuildFile; fileRef = A159E4E91184E84300E68428 /* Sparkle.framework */; };
		A161687F158E0E380063BE94 /* LICENSE in Resources */ = {isa = PBXBuildFile; fileRef = A161687E158E0E370063BE94 /* LICENSE */; };
		A1616892158E143A0063BE94 /* ReactiveCocoa.framework in CopyFiles */ = {isa = PBXBuildFile; fileRef = A1ED2CF715884B8A00B99CDE /* ReactiveCocoa.framework */; };
		A16B28F41196B0E7006EB263 /* README.md in Resources */ = {isa = PBXBuildFile; fileRef = A16B28F31196B0E7006EB263 /* README.md */; };
		A17220A91236DA8A00636797 /* Growl Registration Ticket.growlRegDict in Resources */ = {isa = PBXBuildFile; fileRef = A17220981236DA0B00636797 /* Growl Registration Ticket.growlRegDict */; };
		A17221841236DE4200636797 /* Growl License.txt in Resources */ = {isa = PBXBuildFile; fileRef = A17221831236DE4200636797 /* Growl License.txt */; };
		A17CE49A13B07C3700E5D50F /* GSProcess.m in Sources */ = {isa = PBXBuildFile; fileRef = A17CE49913B07C3700E5D50F /* GSProcess.m */; };
		A17CE49E13B081DE00E5D50F /* GSMux.m in Sources */ = {isa = PBXBuildFile; fileRef = A17CE49D13B081DE00E5D50F /* GSMux.m */; };
		A1A3A6F9118214E2008B8145 /* integrated-i.png in Resources */ = {isa = PBXBuildFile; fileRef = A1A3A6F8118214E2008B8145 /* integrated-i.png */; };
		A1B9412C15899CFD000EE7A7 /* Growl.framework in Frameworks */ = {isa = PBXBuildFile; fileRef = A1B9412B15899CFD000EE7A7 /* Growl.framework */; };
		A1CCE20012B13CE4006D07A4 /* NSAttributedString+Hyperlink.m in Sources */ = {isa = PBXBuildFile; fileRef = A1CCE1FF12B13CE4006D07A4 /* NSAttributedString+Hyperlink.m */; };
		A1D6AC5D11826BF00038AD1A /* discrete-n.png in Resources */ = {isa = PBXBuildFile; fileRef = A1D6AC5C11826BF00038AD1A /* discrete-n.png */; };
		A1D9C42011850DEF009A4DE1 /* dsa_pub.pem in Resources */ = {isa = PBXBuildFile; fileRef = A1D9C41F11850DEF009A4DE1 /* dsa_pub.pem */; };
		A1D9C43A11851B77009A4DE1 /* gfxCardStatus.icns in Resources */ = {isa = PBXBuildFile; fileRef = A1D9C43911851B77009A4DE1 /* gfxCardStatus.icns */; };
		A1E07D581194B42100683B07 /* IOKit.framework in Frameworks */ = {isa = PBXBuildFile; fileRef = A1E07D571194B42100683B07 /* IOKit.framework */; };
		A1E07E111194B42B00683B07 /* ApplicationServices.framework in Frameworks */ = {isa = PBXBuildFile; fileRef = A1E07E101194B42B00683B07 /* ApplicationServices.framework */; };
		A1ED2B9F1588457400B99CDE /* GSGPU.m in Sources */ = {isa = PBXBuildFile; fileRef = A1ED2B9E1588457400B99CDE /* GSGPU.m */; };
		A1ED2D1515884C2C00B99CDE /* ReactiveCocoa.framework in Frameworks */ = {isa = PBXBuildFile; fileRef = A1ED2CF715884B8A00B99CDE /* ReactiveCocoa.framework */; };
		A1ED2D18158858C900B99CDE /* GSPower.m in Sources */ = {isa = PBXBuildFile; fileRef = A1ED2D17158858C900B99CDE /* GSPower.m */; };
		A1ED2D1B158859DE00B99CDE /* GSStartup.m in Sources */ = {isa = PBXBuildFile; fileRef = A1ED2D1A158859DE00B99CDE /* GSStartup.m */; };
		A1ED2D1F15885D6A00B99CDE /* GSNotifier.m in Sources */ = {isa = PBXBuildFile; fileRef = A1ED2D1E15885D6900B99CDE /* GSNotifier.m */; };
		A1ED2D22158860FB00B99CDE /* GSMenuController.m in Sources */ = {isa = PBXBuildFile; fileRef = A1ED2D21158860FA00B99CDE /* GSMenuController.m */; };
		A1F7ED4C14B0409300328A83 /* GTMLogger.m in Sources */ = {isa = PBXBuildFile; fileRef = A1F7ED4914B0409300328A83 /* GTMLogger.m */; settings = {COMPILER_FLAGS = "-fno-objc-arc"; }; };
		A1F7ED4E14B0409300328A83 /* GTMLoggerRingBufferWriter.m in Sources */ = {isa = PBXBuildFile; fileRef = A1F7ED4B14B0409300328A83 /* GTMLoggerRingBufferWriter.m */; settings = {COMPILER_FLAGS = "-fno-objc-arc"; }; };
		A1F7ED5114B0410E00328A83 /* ReleaseNotes.txt in Resources */ = {isa = PBXBuildFile; fileRef = A1F7ED5014B0410E00328A83 /* ReleaseNotes.txt */; };
		A1F7ED5314B0413900328A83 /* COPYING in Resources */ = {isa = PBXBuildFile; fileRef = A1F7ED5214B0413900328A83 /* COPYING */; };
/* End PBXBuildFile section */

/* Begin PBXContainerItemProxy section */
		A1ED2CF615884B8A00B99CDE /* PBXContainerItemProxy */ = {
			isa = PBXContainerItemProxy;
			containerPortal = A1ED2CEB15884B8900B99CDE /* ReactiveCocoa.xcodeproj */;
			proxyType = 2;
			remoteGlobalIDString = 88037F8315056328001A5B19;
			remoteInfo = ReactiveCocoa;
		};
		A1ED2CF815884B8A00B99CDE /* PBXContainerItemProxy */ = {
			isa = PBXContainerItemProxy;
			containerPortal = A1ED2CEB15884B8900B99CDE /* ReactiveCocoa.xcodeproj */;
			proxyType = 2;
			remoteGlobalIDString = 88F440AB153DAC820097B4C3;
			remoteInfo = "ReactiveCocoa-iOS";
		};
		A1ED2CFA15884B8A00B99CDE /* PBXContainerItemProxy */ = {
			isa = PBXContainerItemProxy;
			containerPortal = A1ED2CEB15884B8900B99CDE /* ReactiveCocoa.xcodeproj */;
			proxyType = 2;
			remoteGlobalIDString = 88CDF7DC15000FCF00163A9F;
			remoteInfo = ReactiveCocoaTests;
		};
		A1ED2D1315884C2000B99CDE /* PBXContainerItemProxy */ = {
			isa = PBXContainerItemProxy;
			containerPortal = A1ED2CEB15884B8900B99CDE /* ReactiveCocoa.xcodeproj */;
			proxyType = 1;
			remoteGlobalIDString = 88037F8215056328001A5B19;
			remoteInfo = ReactiveCocoa;
		};
/* End PBXContainerItemProxy section */

/* Begin PBXCopyFilesBuildPhase section */
		A159E5011184EC5D00E68428 /* CopyFiles */ = {
			isa = PBXCopyFilesBuildPhase;
			buildActionMask = 2147483647;
			dstPath = "";
			dstSubfolderSpec = 10;
			files = (
				A1616892158E143A0063BE94 /* ReactiveCocoa.framework in CopyFiles */,
				A159E4FC1184EC5100E68428 /* Sparkle.framework in CopyFiles */,
				A12AACD1158B1EEC00CD140F /* Growl.framework in CopyFiles */,
			);
			runOnlyForDeploymentPostprocessing = 0;
		};
/* End PBXCopyFilesBuildPhase section */

/* Begin PBXFileReference section */
		089C165DFE840E0CC02AAC07 /* English */ = {isa = PBXFileReference; fileEncoding = 4; lastKnownFileType = text.plist.strings; name = English; path = English.lproj/InfoPlist.strings; sourceTree = "<group>"; };
		1058C7A1FEA54F0111CA2CBB /* Cocoa.framework */ = {isa = PBXFileReference; lastKnownFileType = wrapper.framework; name = Cocoa.framework; path = /System/Library/Frameworks/Cocoa.framework; sourceTree = "<absolute>"; };
		13E42FB307B3F0F600E4EEF1 /* CoreData.framework */ = {isa = PBXFileReference; lastKnownFileType = wrapper.framework; name = CoreData.framework; path = /System/Library/Frameworks/CoreData.framework; sourceTree = "<absolute>"; };
		1DDD58150DA1D0A300B32029 /* English */ = {isa = PBXFileReference; lastKnownFileType = file.xib; name = English; path = English.lproj/MainMenu.xib; sourceTree = "<group>"; };
		256AC3D80F4B6AC300CF3369 /* gfxCardStatusAppDelegate.h */ = {isa = PBXFileReference; fileEncoding = 4; lastKnownFileType = sourcecode.c.h; path = gfxCardStatusAppDelegate.h; sourceTree = "<group>"; };
		256AC3D90F4B6AC300CF3369 /* gfxCardStatusAppDelegate.m */ = {isa = PBXFileReference; fileEncoding = 4; lastKnownFileType = sourcecode.c.objc; lineEnding = 0; path = gfxCardStatusAppDelegate.m; sourceTree = "<group>"; xcLanguageSpecificationIdentifier = xcode.lang.objc; };
		256AC3F00F4B6AF500CF3369 /* gfxCardStatus_Prefix.pch */ = {isa = PBXFileReference; fileEncoding = 4; lastKnownFileType = sourcecode.c.h; path = gfxCardStatus_Prefix.pch; sourceTree = "<group>"; };
		29B97316FDCFA39411CA2CEA /* main.m */ = {isa = PBXFileReference; fileEncoding = 4; lastKnownFileType = sourcecode.c.objc; path = main.m; sourceTree = "<group>"; };
		29B97324FDCFA39411CA2CEA /* AppKit.framework */ = {isa = PBXFileReference; lastKnownFileType = wrapper.framework; name = AppKit.framework; path = /System/Library/Frameworks/AppKit.framework; sourceTree = "<absolute>"; };
		29B97325FDCFA39411CA2CEA /* Foundation.framework */ = {isa = PBXFileReference; lastKnownFileType = wrapper.framework; name = Foundation.framework; path = /System/Library/Frameworks/Foundation.framework; sourceTree = "<absolute>"; };
		7056663514963D80009F10BB /* pl */ = {isa = PBXFileReference; lastKnownFileType = text.plist.strings; name = pl; path = pl.lproj/Localizable.strings; sourceTree = "<group>"; };
		8D1107310486CEB800E47090 /* gfxCardStatus-Info.plist */ = {isa = PBXFileReference; fileEncoding = 4; lastKnownFileType = text.plist.xml; path = "gfxCardStatus-Info.plist"; sourceTree = "<group>"; };
		8D1107320486CEB800E47090 /* gfxCardStatus.app */ = {isa = PBXFileReference; explicitFileType = wrapper.application; includeInIndex = 0; path = gfxCardStatus.app; sourceTree = BUILT_PRODUCTS_DIR; };
		A10D2E5811C63CC100E8E2C7 /* Italian */ = {isa = PBXFileReference; fileEncoding = 10; lastKnownFileType = text.plist.strings; name = Italian; path = Italian.lproj/Localizable.strings; sourceTree = "<group>"; };
		A11599B713D429750097E4BC /* AdvancedPreferencesViewController.h */ = {isa = PBXFileReference; fileEncoding = 4; lastKnownFileType = sourcecode.c.h; path = AdvancedPreferencesViewController.h; sourceTree = "<group>"; };
		A11599B813D429750097E4BC /* AdvancedPreferencesViewController.m */ = {isa = PBXFileReference; fileEncoding = 4; lastKnownFileType = sourcecode.c.objc; path = AdvancedPreferencesViewController.m; sourceTree = "<group>"; };
		A11599B913D429750097E4BC /* GeneralPreferencesViewController.h */ = {isa = PBXFileReference; fileEncoding = 4; lastKnownFileType = sourcecode.c.h; path = GeneralPreferencesViewController.h; sourceTree = "<group>"; };
		A11599BA13D429750097E4BC /* GeneralPreferencesViewController.m */ = {isa = PBXFileReference; fileEncoding = 4; lastKnownFileType = sourcecode.c.objc; path = GeneralPreferencesViewController.m; sourceTree = "<group>"; };
		A11599BB13D429750097E4BC /* GSPreferencesModule.h */ = {isa = PBXFileReference; fileEncoding = 4; lastKnownFileType = sourcecode.c.h; path = GSPreferencesModule.h; sourceTree = "<group>"; };
		A11599BC13D429750097E4BC /* PreferencesWindowController.h */ = {isa = PBXFileReference; fileEncoding = 4; lastKnownFileType = sourcecode.c.h; path = PreferencesWindowController.h; sourceTree = "<group>"; };
		A11599BD13D429750097E4BC /* PreferencesWindowController.m */ = {isa = PBXFileReference; fileEncoding = 4; lastKnownFileType = sourcecode.c.objc; path = PreferencesWindowController.m; sourceTree = "<group>"; };
		A11599C313D429860097E4BC /* English */ = {isa = PBXFileReference; lastKnownFileType = file.xib; name = English; path = English.lproj/AdvancedPreferencesView.xib; sourceTree = "<group>"; };
		A11599C513D429860097E4BC /* English */ = {isa = PBXFileReference; lastKnownFileType = file.xib; name = English; path = English.lproj/GeneralPreferencesView.xib; sourceTree = "<group>"; };
		A12AACD2158C9DE100CD140F /* QuartzCore.framework */ = {isa = PBXFileReference; lastKnownFileType = wrapper.framework; name = QuartzCore.framework; path = System/Library/Frameworks/QuartzCore.framework; sourceTree = SDKROOT; };
		A12AACF8158D7E5F00CD140F /* ru-RU */ = {isa = PBXFileReference; lastKnownFileType = text.plist.strings; name = "ru-RU"; path = "ru-RU.lproj/Localizable.strings"; sourceTree = "<group>"; };
		A12AACF9158D7E7C00CD140F /* el */ = {isa = PBXFileReference; lastKnownFileType = text.plist.strings; name = el; path = el.lproj/Localizable.strings; sourceTree = "<group>"; };
		A12DE37712064D3F00D8E08C /* zh_CN */ = {isa = PBXFileReference; fileEncoding = 4; lastKnownFileType = text.plist.strings; name = zh_CN; path = zh_CN.lproj/Localizable.strings; sourceTree = "<group>"; };
		A12DE37812064D4400D8E08C /* zh_TW */ = {isa = PBXFileReference; fileEncoding = 4; lastKnownFileType = text.plist.strings; name = zh_TW; path = zh_TW.lproj/Localizable.strings; sourceTree = "<group>"; };
		A13C5FBF119FCFCF00E678FA /* English */ = {isa = PBXFileReference; fileEncoding = 4; lastKnownFileType = text.plist.strings; name = English; path = English.lproj/Localizable.strings; sourceTree = "<group>"; };
		A13C5FC1119FCFE700E678FA /* French */ = {isa = PBXFileReference; fileEncoding = 10; lastKnownFileType = text.plist.strings; name = French; path = French.lproj/Localizable.strings; sourceTree = "<group>"; };
		A13D891D1268F832007EB119 /* Spanish */ = {isa = PBXFileReference; fileEncoding = 4; lastKnownFileType = text.plist.strings; name = Spanish; path = Spanish.lproj/Localizable.strings; sourceTree = "<group>"; };
		A13D891E1268FE8C007EB119 /* Danish */ = {isa = PBXFileReference; fileEncoding = 4; lastKnownFileType = text.plist.strings; name = Danish; path = Danish.lproj/Localizable.strings; sourceTree = "<group>"; };
		A14390AE11C53FCD00E4D2A5 /* German */ = {isa = PBXFileReference; fileEncoding = 4; lastKnownFileType = text.plist.strings; name = German; path = German.lproj/Localizable.strings; sourceTree = "<group>"; };
		A14B9E9E13C55A33009A761C /* discrete-a-white.png */ = {isa = PBXFileReference; lastKnownFileType = image.png; path = "discrete-a-white.png"; sourceTree = "<group>"; };
		A14B9E9F13C55A33009A761C /* discrete-a.png */ = {isa = PBXFileReference; lastKnownFileType = image.png; path = "discrete-a.png"; sourceTree = "<group>"; };
		A14B9EA313C55A91009A761C /* sk */ = {isa = PBXFileReference; fileEncoding = 4; lastKnownFileType = text.plist.strings; name = sk; path = sk.lproj/Localizable.strings; sourceTree = "<group>"; };
		A14B9EAA13C5613F009A761C /* Credits.rtf */ = {isa = PBXFileReference; fileEncoding = 4; lastKnownFileType = text.rtf; path = Credits.rtf; sourceTree = "<group>"; };
		A14C17F5124EBBFA00816A4A /* discrete-d-white.png */ = {isa = PBXFileReference; lastKnownFileType = image.png; path = "discrete-d-white.png"; sourceTree = "<group>"; };
		A14C17F6124EBBFA00816A4A /* discrete-d.png */ = {isa = PBXFileReference; lastKnownFileType = image.png; path = "discrete-d.png"; sourceTree = "<group>"; };
		A14C17F9124EBC1100816A4A /* integrated-i-white.png */ = {isa = PBXFileReference; lastKnownFileType = image.png; path = "integrated-i-white.png"; sourceTree = "<group>"; };
		A14C17FA124EBC1100816A4A /* discrete-n-white.png */ = {isa = PBXFileReference; lastKnownFileType = image.png; path = "discrete-n-white.png"; sourceTree = "<group>"; };
		A14C1809124EFE6300816A4A /* GSPreferences.h */ = {isa = PBXFileReference; fileEncoding = 4; lastKnownFileType = sourcecode.c.h; path = GSPreferences.h; sourceTree = "<group>"; };
		A14C180A124EFE6300816A4A /* GSPreferences.m */ = {isa = PBXFileReference; fileEncoding = 4; lastKnownFileType = sourcecode.c.objc; path = GSPreferences.m; sourceTree = "<group>"; };
		A14EC42112AE709D006B394D /* pt */ = {isa = PBXFileReference; fileEncoding = 4; lastKnownFileType = text.plist.strings; name = pt; path = pt.lproj/Localizable.strings; sourceTree = "<group>"; };
		A14EC49112AE7609006B394D /* nl */ = {isa = PBXFileReference; fileEncoding = 4; lastKnownFileType = text.plist.strings; name = nl; path = nl.lproj/Localizable.strings; sourceTree = "<group>"; };
		A1510B3A128D0A760076D88E /* Swedish */ = {isa = PBXFileReference; fileEncoding = 4; lastKnownFileType = text.plist.strings; name = Swedish; path = Swedish.lproj/Localizable.strings; sourceTree = "<group>"; };
		A159E4E91184E84300E68428 /* Sparkle.framework */ = {isa = PBXFileReference; lastKnownFileType = wrapper.framework; path = Sparkle.framework; sourceTree = "<group>"; };
		A161687E158E0E370063BE94 /* LICENSE */ = {isa = PBXFileReference; fileEncoding = 4; lastKnownFileType = text; path = LICENSE; sourceTree = "<group>"; };
		A16B28F31196B0E7006EB263 /* README.md */ = {isa = PBXFileReference; fileEncoding = 4; lastKnownFileType = text; path = README.md; sourceTree = "<group>"; };
		A17220981236DA0B00636797 /* Growl Registration Ticket.growlRegDict */ = {isa = PBXFileReference; explicitFileType = text.plist.xml; fileEncoding = 4; path = "Growl Registration Ticket.growlRegDict"; sourceTree = "<group>"; };
		A17221831236DE4200636797 /* Growl License.txt */ = {isa = PBXFileReference; fileEncoding = 4; lastKnownFileType = text; path = "Growl License.txt"; sourceTree = "<group>"; };
		A17CE49813B07C3700E5D50F /* GSProcess.h */ = {isa = PBXFileReference; fileEncoding = 4; lastKnownFileType = sourcecode.c.h; path = GSProcess.h; sourceTree = "<group>"; };
		A17CE49913B07C3700E5D50F /* GSProcess.m */ = {isa = PBXFileReference; fileEncoding = 4; lastKnownFileType = sourcecode.c.objc; path = GSProcess.m; sourceTree = "<group>"; };
		A17CE49C13B081DE00E5D50F /* GSMux.h */ = {isa = PBXFileReference; fileEncoding = 4; lastKnownFileType = sourcecode.c.h; path = GSMux.h; sourceTree = "<group>"; };
		A17CE49D13B081DE00E5D50F /* GSMux.m */ = {isa = PBXFileReference; fileEncoding = 4; lastKnownFileType = sourcecode.c.objc; path = GSMux.m; sourceTree = "<group>"; };
		A19DAD6214CF1E8800D46D80 /* fi */ = {isa = PBXFileReference; lastKnownFileType = text.plist.strings; name = fi; path = fi.lproj/Localizable.strings; sourceTree = "<group>"; };
		A1A3A6F8118214E2008B8145 /* integrated-i.png */ = {isa = PBXFileReference; lastKnownFileType = image.png; path = "integrated-i.png"; sourceTree = "<group>"; };
		A1B9412B15899CFD000EE7A7 /* Growl.framework */ = {isa = PBXFileReference; lastKnownFileType = wrapper.framework; path = Growl.framework; sourceTree = "<group>"; };
		A1B941671589D85A000EE7A7 /* tr */ = {isa = PBXFileReference; lastKnownFileType = text.plist.strings; name = tr; path = tr.lproj/Localizable.strings; sourceTree = "<group>"; };
		A1CCE1FE12B13CE4006D07A4 /* NSAttributedString+Hyperlink.h */ = {isa = PBXFileReference; fileEncoding = 4; lastKnownFileType = sourcecode.c.h; path = "NSAttributedString+Hyperlink.h"; sourceTree = "<group>"; };
		A1CCE1FF12B13CE4006D07A4 /* NSAttributedString+Hyperlink.m */ = {isa = PBXFileReference; fileEncoding = 4; lastKnownFileType = sourcecode.c.objc; path = "NSAttributedString+Hyperlink.m"; sourceTree = "<group>"; };
		A1CFF01E13B1D73A0070650A /* ru */ = {isa = PBXFileReference; fileEncoding = 4; lastKnownFileType = text.plist.strings; name = ru; path = ru.lproj/Localizable.strings; sourceTree = "<group>"; };
		A1CFF02213B1D7C70070650A /* uk-UA */ = {isa = PBXFileReference; fileEncoding = 4; lastKnownFileType = text.plist.strings; name = "uk-UA"; path = "uk-UA.lproj/Localizable.strings"; sourceTree = "<group>"; };
		A1D6AC5C11826BF00038AD1A /* discrete-n.png */ = {isa = PBXFileReference; lastKnownFileType = image.png; path = "discrete-n.png"; sourceTree = "<group>"; };
		A1D9C41F11850DEF009A4DE1 /* dsa_pub.pem */ = {isa = PBXFileReference; fileEncoding = 4; lastKnownFileType = text; path = dsa_pub.pem; sourceTree = "<group>"; };
		A1D9C43911851B77009A4DE1 /* gfxCardStatus.icns */ = {isa = PBXFileReference; lastKnownFileType = image.icns; path = gfxCardStatus.icns; sourceTree = "<group>"; };
		A1E07D571194B42100683B07 /* IOKit.framework */ = {isa = PBXFileReference; lastKnownFileType = wrapper.framework; name = IOKit.framework; path = System/Library/Frameworks/IOKit.framework; sourceTree = SDKROOT; };
		A1E07E101194B42B00683B07 /* ApplicationServices.framework */ = {isa = PBXFileReference; lastKnownFileType = wrapper.framework; name = ApplicationServices.framework; path = System/Library/Frameworks/ApplicationServices.framework; sourceTree = SDKROOT; };
		A1EAC04314152495005A852B /* pt-PT */ = {isa = PBXFileReference; lastKnownFileType = text.plist.strings; name = "pt-PT"; path = "pt-PT.lproj/Localizable.strings"; sourceTree = "<group>"; };
		A1EAC045141524AD005A852B /* pt-BR */ = {isa = PBXFileReference; lastKnownFileType = text.plist.strings; name = "pt-BR"; path = "pt-BR.lproj/Localizable.strings"; sourceTree = "<group>"; };
		A1ED2B2E15857CB600B99CDE /* lv */ = {isa = PBXFileReference; lastKnownFileType = text.plist.strings; name = lv; path = lv.lproj/Localizable.strings; sourceTree = "<group>"; };
		A1ED2B9D1588457400B99CDE /* GSGPU.h */ = {isa = PBXFileReference; fileEncoding = 4; lastKnownFileType = sourcecode.c.h; path = GSGPU.h; sourceTree = "<group>"; };
		A1ED2B9E1588457400B99CDE /* GSGPU.m */ = {isa = PBXFileReference; fileEncoding = 4; lastKnownFileType = sourcecode.c.objc; path = GSGPU.m; sourceTree = "<group>"; };
		A1ED2CEB15884B8900B99CDE /* ReactiveCocoa.xcodeproj */ = {isa = PBXFileReference; lastKnownFileType = "wrapper.pb-project"; name = ReactiveCocoa.xcodeproj; path = lib/reactivecocoa/ReactiveCocoaFramework/ReactiveCocoa.xcodeproj; sourceTree = "<group>"; };
		A1ED2D16158858C800B99CDE /* GSPower.h */ = {isa = PBXFileReference; fileEncoding = 4; lastKnownFileType = sourcecode.c.h; path = GSPower.h; sourceTree = "<group>"; };
		A1ED2D17158858C900B99CDE /* GSPower.m */ = {isa = PBXFileReference; fileEncoding = 4; lastKnownFileType = sourcecode.c.objc; path = GSPower.m; sourceTree = "<group>"; };
		A1ED2D19158859DE00B99CDE /* GSStartup.h */ = {isa = PBXFileReference; fileEncoding = 4; lastKnownFileType = sourcecode.c.h; path = GSStartup.h; sourceTree = "<group>"; };
		A1ED2D1A158859DE00B99CDE /* GSStartup.m */ = {isa = PBXFileReference; fileEncoding = 4; lastKnownFileType = sourcecode.c.objc; path = GSStartup.m; sourceTree = "<group>"; };
		A1ED2D1D15885D6900B99CDE /* GSNotifier.h */ = {isa = PBXFileReference; fileEncoding = 4; lastKnownFileType = sourcecode.c.h; path = GSNotifier.h; sourceTree = "<group>"; };
		A1ED2D1E15885D6900B99CDE /* GSNotifier.m */ = {isa = PBXFileReference; fileEncoding = 4; lastKnownFileType = sourcecode.c.objc; path = GSNotifier.m; sourceTree = "<group>"; };
		A1ED2D20158860F900B99CDE /* GSMenuController.h */ = {isa = PBXFileReference; fileEncoding = 4; lastKnownFileType = sourcecode.c.h; path = GSMenuController.h; sourceTree = "<group>"; };
		A1ED2D21158860FA00B99CDE /* GSMenuController.m */ = {isa = PBXFileReference; fileEncoding = 4; lastKnownFileType = sourcecode.c.objc; path = GSMenuController.m; sourceTree = "<group>"; };
		A1F4FB0F13C6D58B002D38D5 /* cs */ = {isa = PBXFileReference; lastKnownFileType = text.plist.strings; name = cs; path = cs.lproj/Localizable.strings; sourceTree = "<group>"; };
		A1F7ED4414B0405B00328A83 /* GTMDefines.h */ = {isa = PBXFileReference; fileEncoding = 4; lastKnownFileType = sourcecode.c.h; path = GTMDefines.h; sourceTree = "<group>"; };
		A1F7ED4614B0407200328A83 /* GTMLogger.h */ = {isa = PBXFileReference; fileEncoding = 4; lastKnownFileType = sourcecode.c.h; path = GTMLogger.h; sourceTree = "<group>"; };
		A1F7ED4814B0407900328A83 /* GTMLoggerRingBufferWriter.h */ = {isa = PBXFileReference; fileEncoding = 4; lastKnownFileType = sourcecode.c.h; path = GTMLoggerRingBufferWriter.h; sourceTree = "<group>"; };
		A1F7ED4914B0409300328A83 /* GTMLogger.m */ = {isa = PBXFileReference; fileEncoding = 4; lastKnownFileType = sourcecode.c.objc; path = GTMLogger.m; sourceTree = "<group>"; };
		A1F7ED4B14B0409300328A83 /* GTMLoggerRingBufferWriter.m */ = {isa = PBXFileReference; fileEncoding = 4; lastKnownFileType = sourcecode.c.objc; path = GTMLoggerRingBufferWriter.m; sourceTree = "<group>"; };
		A1F7ED4F14B040B200328A83 /* GTMGarbageCollection.h */ = {isa = PBXFileReference; fileEncoding = 4; lastKnownFileType = sourcecode.c.h; path = GTMGarbageCollection.h; sourceTree = "<group>"; };
		A1F7ED5014B0410E00328A83 /* ReleaseNotes.txt */ = {isa = PBXFileReference; fileEncoding = 4; lastKnownFileType = text; path = ReleaseNotes.txt; sourceTree = "<group>"; };
		A1F7ED5214B0413900328A83 /* COPYING */ = {isa = PBXFileReference; fileEncoding = 4; lastKnownFileType = text; path = COPYING; sourceTree = "<group>"; };
/* End PBXFileReference section */

/* Begin PBXFrameworksBuildPhase section */
		8D11072E0486CEB800E47090 /* Frameworks */ = {
			isa = PBXFrameworksBuildPhase;
			buildActionMask = 2147483647;
			files = (
				A12AACD3158C9DE100CD140F /* QuartzCore.framework in Frameworks */,
				A1ED2D1515884C2C00B99CDE /* ReactiveCocoa.framework in Frameworks */,
				8D11072F0486CEB800E47090 /* Cocoa.framework in Frameworks */,
				A159E4EA1184E84300E68428 /* Sparkle.framework in Frameworks */,
				A1E07D581194B42100683B07 /* IOKit.framework in Frameworks */,
				A1E07E111194B42B00683B07 /* ApplicationServices.framework in Frameworks */,
				A1B9412C15899CFD000EE7A7 /* Growl.framework in Frameworks */,
			);
			runOnlyForDeploymentPostprocessing = 0;
		};
/* End PBXFrameworksBuildPhase section */

/* Begin PBXGroup section */
		080E96DDFE201D6D7F000001 /* Classes */ = {
			isa = PBXGroup;
			children = (
				A1F7ED4314B0403700328A83 /* Google Toolbox for Mac */,
				A1CCE1FC12B13CC1006D07A4 /* Categories */,
				A11599C813D42A3D0097E4BC /* Preferences */,
				A11599CA13D42A720097E4BC /* System Utils */,
				256AC3D80F4B6AC300CF3369 /* gfxCardStatusAppDelegate.h */,
				256AC3D90F4B6AC300CF3369 /* gfxCardStatusAppDelegate.m */,
				1DDD58140DA1D0A300B32029 /* MainMenu.xib */,
				A1ED2D20158860F900B99CDE /* GSMenuController.h */,
				A1ED2D21158860FA00B99CDE /* GSMenuController.m */,
				A1ED2D1D15885D6900B99CDE /* GSNotifier.h */,
				A1ED2D1E15885D6900B99CDE /* GSNotifier.m */,
			);
			path = Classes;
			sourceTree = "<group>";
		};
		1058C7A0FEA54F0111CA2CBB /* Linked Frameworks */ = {
			isa = PBXGroup;
			children = (
				A1ED2CEB15884B8900B99CDE /* ReactiveCocoa.xcodeproj */,
				A12AACD2158C9DE100CD140F /* QuartzCore.framework */,
				A1B9412B15899CFD000EE7A7 /* Growl.framework */,
				A159E4E91184E84300E68428 /* Sparkle.framework */,
				1058C7A1FEA54F0111CA2CBB /* Cocoa.framework */,
				A1E07D571194B42100683B07 /* IOKit.framework */,
				A1E07E101194B42B00683B07 /* ApplicationServices.framework */,
			);
			name = "Linked Frameworks";
			sourceTree = "<group>";
		};
		1058C7A2FEA54F0111CA2CBB /* Other Frameworks */ = {
			isa = PBXGroup;
			children = (
				29B97324FDCFA39411CA2CEA /* AppKit.framework */,
				13E42FB307B3F0F600E4EEF1 /* CoreData.framework */,
				29B97325FDCFA39411CA2CEA /* Foundation.framework */,
			);
			name = "Other Frameworks";
			sourceTree = "<group>";
		};
		19C28FACFE9D520D11CA2CBB /* Products */ = {
			isa = PBXGroup;
			children = (
				8D1107320486CEB800E47090 /* gfxCardStatus.app */,
			);
			name = Products;
			sourceTree = "<group>";
		};
		29B97314FDCFA39411CA2CEA /* gfxCardStatus */ = {
			isa = PBXGroup;
			children = (
				080E96DDFE201D6D7F000001 /* Classes */,
				A1ED2B331585847600B99CDE /* Supporting Files */,
				29B97317FDCFA39411CA2CEA /* Resources */,
				29B97323FDCFA39411CA2CEA /* Frameworks */,
				19C28FACFE9D520D11CA2CBB /* Products */,
			);
			name = gfxCardStatus;
			sourceTree = "<group>";
		};
		29B97317FDCFA39411CA2CEA /* Resources */ = {
			isa = PBXGroup;
			children = (
				A18123D812B96F3F00266D46 /* Images */,
				A1D9C41F11850DEF009A4DE1 /* dsa_pub.pem */,
			);
			name = Resources;
			sourceTree = "<group>";
		};
		29B97323FDCFA39411CA2CEA /* Frameworks */ = {
			isa = PBXGroup;
			children = (
				1058C7A0FEA54F0111CA2CBB /* Linked Frameworks */,
				1058C7A2FEA54F0111CA2CBB /* Other Frameworks */,
			);
			name = Frameworks;
			sourceTree = "<group>";
		};
		A11599C813D42A3D0097E4BC /* Preferences */ = {
			isa = PBXGroup;
			children = (
				A14C1809124EFE6300816A4A /* GSPreferences.h */,
				A14C180A124EFE6300816A4A /* GSPreferences.m */,
				A18977D6158DA63C001F5F5E /* GUI */,
			);
			name = Preferences;
			sourceTree = "<group>";
		};
		A11599CA13D42A720097E4BC /* System Utils */ = {
			isa = PBXGroup;
			children = (
				A17CE49C13B081DE00E5D50F /* GSMux.h */,
				A17CE49D13B081DE00E5D50F /* GSMux.m */,
				A1ED2B9D1588457400B99CDE /* GSGPU.h */,
				A1ED2B9E1588457400B99CDE /* GSGPU.m */,
				A17CE49813B07C3700E5D50F /* GSProcess.h */,
				A17CE49913B07C3700E5D50F /* GSProcess.m */,
				A1ED2D16158858C800B99CDE /* GSPower.h */,
				A1ED2D17158858C900B99CDE /* GSPower.m */,
				A1ED2D19158859DE00B99CDE /* GSStartup.h */,
				A1ED2D1A158859DE00B99CDE /* GSStartup.m */,
			);
			name = "System Utils";
			sourceTree = "<group>";
		};
		A1616893158F0B660063BE94 /* General */ = {
			isa = PBXGroup;
			children = (
				A11599B913D429750097E4BC /* GeneralPreferencesViewController.h */,
				A11599BA13D429750097E4BC /* GeneralPreferencesViewController.m */,
				A11599C413D429860097E4BC /* GeneralPreferencesView.xib */,
			);
			name = General;
			sourceTree = "<group>";
		};
		A1616894158F0B6F0063BE94 /* Advanced */ = {
			isa = PBXGroup;
			children = (
				A11599B713D429750097E4BC /* AdvancedPreferencesViewController.h */,
				A11599B813D429750097E4BC /* AdvancedPreferencesViewController.m */,
				A11599C213D429860097E4BC /* AdvancedPreferencesView.xib */,
			);
			name = Advanced;
			sourceTree = "<group>";
		};
		A18123D812B96F3F00266D46 /* Images */ = {
			isa = PBXGroup;
			children = (
				A1D9C43911851B77009A4DE1 /* gfxCardStatus.icns */,
				A14B9E9F13C55A33009A761C /* discrete-a.png */,
				A14B9E9E13C55A33009A761C /* discrete-a-white.png */,
				A14C17F6124EBBFA00816A4A /* discrete-d.png */,
				A14C17F5124EBBFA00816A4A /* discrete-d-white.png */,
				A1D6AC5C11826BF00038AD1A /* discrete-n.png */,
				A14C17FA124EBC1100816A4A /* discrete-n-white.png */,
				A1A3A6F8118214E2008B8145 /* integrated-i.png */,
				A14C17F9124EBC1100816A4A /* integrated-i-white.png */,
			);
			path = Images;
			sourceTree = "<group>";
		};
		A18977D6158DA63C001F5F5E /* GUI */ = {
			isa = PBXGroup;
			children = (
				A11599BB13D429750097E4BC /* GSPreferencesModule.h */,
				A11599BC13D429750097E4BC /* PreferencesWindowController.h */,
				A11599BD13D429750097E4BC /* PreferencesWindowController.m */,
				A1616893158F0B660063BE94 /* General */,
				A1616894158F0B6F0063BE94 /* Advanced */,
			);
			name = GUI;
			sourceTree = "<group>";
		};
		A1CCE1FC12B13CC1006D07A4 /* Categories */ = {
			isa = PBXGroup;
			children = (
				A1CCE1FE12B13CE4006D07A4 /* NSAttributedString+Hyperlink.h */,
				A1CCE1FF12B13CE4006D07A4 /* NSAttributedString+Hyperlink.m */,
			);
			name = Categories;
			sourceTree = "<group>";
		};
		A1ED2B331585847600B99CDE /* Supporting Files */ = {
			isa = PBXGroup;
			children = (
				A161687E158E0E370063BE94 /* LICENSE */,
				8D1107310486CEB800E47090 /* gfxCardStatus-Info.plist */,
				089C165CFE840E0CC02AAC07 /* InfoPlist.strings */,
				256AC3F00F4B6AF500CF3369 /* gfxCardStatus_Prefix.pch */,
				29B97316FDCFA39411CA2CEA /* main.m */,
				A14B9EAA13C5613F009A761C /* Credits.rtf */,
				A16B28F31196B0E7006EB263 /* README.md */,
				A17221831236DE4200636797 /* Growl License.txt */,
				A17220981236DA0B00636797 /* Growl Registration Ticket.growlRegDict */,
				A13C5FBE119FCFCF00E678FA /* Localizable.strings */,
			);
			name = "Supporting Files";
			sourceTree = "<group>";
		};
		A1ED2CEC15884B8900B99CDE /* Products */ = {
			isa = PBXGroup;
			children = (
				A1ED2CF715884B8A00B99CDE /* ReactiveCocoa.framework */,
				A1ED2CF915884B8A00B99CDE /* libReactiveCocoa-iOS.a */,
				A1ED2CFB15884B8A00B99CDE /* ReactiveCocoaTests.octest */,
			);
			name = Products;
			sourceTree = "<group>";
		};
		A1F7ED4314B0403700328A83 /* Google Toolbox for Mac */ = {
			isa = PBXGroup;
			children = (
				A1F7ED4F14B040B200328A83 /* GTMGarbageCollection.h */,
				A1F7ED4414B0405B00328A83 /* GTMDefines.h */,
				A1F7ED4614B0407200328A83 /* GTMLogger.h */,
				A1F7ED4814B0407900328A83 /* GTMLoggerRingBufferWriter.h */,
				A1F7ED4914B0409300328A83 /* GTMLogger.m */,
				A1F7ED4B14B0409300328A83 /* GTMLoggerRingBufferWriter.m */,
				A1F7ED5214B0413900328A83 /* COPYING */,
				A1F7ED5014B0410E00328A83 /* ReleaseNotes.txt */,
			);
			path = "Google Toolbox for Mac";
			sourceTree = "<group>";
		};
/* End PBXGroup section */

/* Begin PBXNativeTarget section */
		8D1107260486CEB800E47090 /* gfxCardStatus */ = {
			isa = PBXNativeTarget;
			buildConfigurationList = C01FCF4A08A954540054247B /* Build configuration list for PBXNativeTarget "gfxCardStatus" */;
			buildPhases = (
				8D1107290486CEB800E47090 /* Resources */,
				8D11072C0486CEB800E47090 /* Sources */,
				8D11072E0486CEB800E47090 /* Frameworks */,
				A159E5011184EC5D00E68428 /* CopyFiles */,
			);
			buildRules = (
			);
			dependencies = (
				A1ED2D1415884C2000B99CDE /* PBXTargetDependency */,
			);
			name = gfxCardStatus;
			productInstallPath = "$(HOME)/Applications";
			productName = gfxCardStatus;
			productReference = 8D1107320486CEB800E47090 /* gfxCardStatus.app */;
			productType = "com.apple.product-type.application";
		};
/* End PBXNativeTarget section */

/* Begin PBXProject section */
		29B97313FDCFA39411CA2CEA /* Project object */ = {
			isa = PBXProject;
			attributes = {
				LastUpgradeCheck = 0450;
				ORGANIZATIONNAME = "Cody Krieger";
			};
			buildConfigurationList = C01FCF4E08A954540054247B /* Build configuration list for PBXProject "gfxCardStatus" */;
			compatibilityVersion = "Xcode 3.2";
			developmentRegion = English;
			hasScannedForEncodings = 1;
			knownRegions = (
				English,
				Japanese,
				French,
				German,
				Italian,
				zh_CN,
				zh_TW,
				Spanish,
				Danish,
				Swedish,
				pt,
				nl,
				pl,
				lv,
				en,
				tr,
				"ru-RU",
				el,
			);
			mainGroup = 29B97314FDCFA39411CA2CEA /* gfxCardStatus */;
			projectDirPath = "";
			projectReferences = (
				{
					ProductGroup = A1ED2CEC15884B8900B99CDE /* Products */;
					ProjectRef = A1ED2CEB15884B8900B99CDE /* ReactiveCocoa.xcodeproj */;
				},
			);
			projectRoot = "";
			targets = (
				8D1107260486CEB800E47090 /* gfxCardStatus */,
			);
		};
/* End PBXProject section */

/* Begin PBXReferenceProxy section */
		A1ED2CF715884B8A00B99CDE /* ReactiveCocoa.framework */ = {
			isa = PBXReferenceProxy;
			fileType = wrapper.framework;
			path = ReactiveCocoa.framework;
			remoteRef = A1ED2CF615884B8A00B99CDE /* PBXContainerItemProxy */;
			sourceTree = BUILT_PRODUCTS_DIR;
		};
		A1ED2CF915884B8A00B99CDE /* libReactiveCocoa-iOS.a */ = {
			isa = PBXReferenceProxy;
			fileType = archive.ar;
			path = "libReactiveCocoa-iOS.a";
			remoteRef = A1ED2CF815884B8A00B99CDE /* PBXContainerItemProxy */;
			sourceTree = BUILT_PRODUCTS_DIR;
		};
		A1ED2CFB15884B8A00B99CDE /* ReactiveCocoaTests.octest */ = {
			isa = PBXReferenceProxy;
			fileType = wrapper.cfbundle;
			path = ReactiveCocoaTests.octest;
			remoteRef = A1ED2CFA15884B8A00B99CDE /* PBXContainerItemProxy */;
			sourceTree = BUILT_PRODUCTS_DIR;
		};
/* End PBXReferenceProxy section */

/* Begin PBXResourcesBuildPhase section */
		8D1107290486CEB800E47090 /* Resources */ = {
			isa = PBXResourcesBuildPhase;
			buildActionMask = 2147483647;
			files = (
				8D11072B0486CEB800E47090 /* InfoPlist.strings in Resources */,
				1DDD58160DA1D0A300B32029 /* MainMenu.xib in Resources */,
				A1A3A6F9118214E2008B8145 /* integrated-i.png in Resources */,
				A1D6AC5D11826BF00038AD1A /* discrete-n.png in Resources */,
				A1D9C42011850DEF009A4DE1 /* dsa_pub.pem in Resources */,
				A1D9C43A11851B77009A4DE1 /* gfxCardStatus.icns in Resources */,
				A16B28F41196B0E7006EB263 /* README.md in Resources */,
				A13C5FC0119FCFCF00E678FA /* Localizable.strings in Resources */,
				A17220A91236DA8A00636797 /* Growl Registration Ticket.growlRegDict in Resources */,
				A17221841236DE4200636797 /* Growl License.txt in Resources */,
				A14C17F7124EBBFA00816A4A /* discrete-d-white.png in Resources */,
				A14C17F8124EBBFA00816A4A /* discrete-d.png in Resources */,
				A14C17FB124EBC1100816A4A /* integrated-i-white.png in Resources */,
				A14C17FC124EBC1100816A4A /* discrete-n-white.png in Resources */,
				A14B9EA013C55A33009A761C /* discrete-a-white.png in Resources */,
				A14B9EA113C55A33009A761C /* discrete-a.png in Resources */,
				A14B9EAB13C5613F009A761C /* Credits.rtf in Resources */,
				A11599C613D429860097E4BC /* AdvancedPreferencesView.xib in Resources */,
				A11599C713D429860097E4BC /* GeneralPreferencesView.xib in Resources */,
				A1F7ED5114B0410E00328A83 /* ReleaseNotes.txt in Resources */,
				A1F7ED5314B0413900328A83 /* COPYING in Resources */,
				A161687F158E0E380063BE94 /* LICENSE in Resources */,
			);
			runOnlyForDeploymentPostprocessing = 0;
		};
/* End PBXResourcesBuildPhase section */

/* Begin PBXSourcesBuildPhase section */
		8D11072C0486CEB800E47090 /* Sources */ = {
			isa = PBXSourcesBuildPhase;
			buildActionMask = 2147483647;
			files = (
				8D11072D0486CEB800E47090 /* main.m in Sources */,
				256AC3DA0F4B6AC300CF3369 /* gfxCardStatusAppDelegate.m in Sources */,
				A14C180B124EFE6300816A4A /* GSPreferences.m in Sources */,
				A1CCE20012B13CE4006D07A4 /* NSAttributedString+Hyperlink.m in Sources */,
				A17CE49A13B07C3700E5D50F /* GSProcess.m in Sources */,
				A17CE49E13B081DE00E5D50F /* GSMux.m in Sources */,
				A11599BE13D429750097E4BC /* AdvancedPreferencesViewController.m in Sources */,
				A11599BF13D429750097E4BC /* GeneralPreferencesViewController.m in Sources */,
				A11599C013D429750097E4BC /* PreferencesWindowController.m in Sources */,
				A1F7ED4C14B0409300328A83 /* GTMLogger.m in Sources */,
				A1F7ED4E14B0409300328A83 /* GTMLoggerRingBufferWriter.m in Sources */,
				A1ED2B9F1588457400B99CDE /* GSGPU.m in Sources */,
				A1ED2D18158858C900B99CDE /* GSPower.m in Sources */,
				A1ED2D1B158859DE00B99CDE /* GSStartup.m in Sources */,
				A1ED2D1F15885D6A00B99CDE /* GSNotifier.m in Sources */,
				A1ED2D22158860FB00B99CDE /* GSMenuController.m in Sources */,
			);
			runOnlyForDeploymentPostprocessing = 0;
		};
/* End PBXSourcesBuildPhase section */

/* Begin PBXTargetDependency section */
		A1ED2D1415884C2000B99CDE /* PBXTargetDependency */ = {
			isa = PBXTargetDependency;
			name = ReactiveCocoa;
			targetProxy = A1ED2D1315884C2000B99CDE /* PBXContainerItemProxy */;
		};
/* End PBXTargetDependency section */

/* Begin PBXVariantGroup section */
		089C165CFE840E0CC02AAC07 /* InfoPlist.strings */ = {
			isa = PBXVariantGroup;
			children = (
				089C165DFE840E0CC02AAC07 /* English */,
			);
			name = InfoPlist.strings;
			path = Localizations;
			sourceTree = "<group>";
		};
		1DDD58140DA1D0A300B32029 /* MainMenu.xib */ = {
			isa = PBXVariantGroup;
			children = (
				1DDD58150DA1D0A300B32029 /* English */,
			);
			name = MainMenu.xib;
			path = ../Localizations;
			sourceTree = "<group>";
		};
		A11599C213D429860097E4BC /* AdvancedPreferencesView.xib */ = {
			isa = PBXVariantGroup;
			children = (
				A11599C313D429860097E4BC /* English */,
			);
			name = AdvancedPreferencesView.xib;
			path = ../Localizations;
			sourceTree = "<group>";
		};
		A11599C413D429860097E4BC /* GeneralPreferencesView.xib */ = {
			isa = PBXVariantGroup;
			children = (
				A11599C513D429860097E4BC /* English */,
			);
			name = GeneralPreferencesView.xib;
			path = ../Localizations;
			sourceTree = "<group>";
		};
		A13C5FBE119FCFCF00E678FA /* Localizable.strings */ = {
			isa = PBXVariantGroup;
			children = (
				A13C5FBF119FCFCF00E678FA /* English */,
				A13C5FC1119FCFE700E678FA /* French */,
				A14390AE11C53FCD00E4D2A5 /* German */,
				A10D2E5811C63CC100E8E2C7 /* Italian */,
				A12DE37712064D3F00D8E08C /* zh_CN */,
				A12DE37812064D4400D8E08C /* zh_TW */,
				A13D891D1268F832007EB119 /* Spanish */,
				A13D891E1268FE8C007EB119 /* Danish */,
				A1510B3A128D0A760076D88E /* Swedish */,
				A14EC42112AE709D006B394D /* pt */,
				A14EC49112AE7609006B394D /* nl */,
				A1CFF01E13B1D73A0070650A /* ru */,
				A1CFF02213B1D7C70070650A /* uk-UA */,
				A14B9EA313C55A91009A761C /* sk */,
				A1F4FB0F13C6D58B002D38D5 /* cs */,
				A1EAC04314152495005A852B /* pt-PT */,
				A1EAC045141524AD005A852B /* pt-BR */,
				7056663514963D80009F10BB /* pl */,
				A19DAD6214CF1E8800D46D80 /* fi */,
				A1ED2B2E15857CB600B99CDE /* lv */,
				A1B941671589D85A000EE7A7 /* tr */,
				A12AACF8158D7E5F00CD140F /* ru-RU */,
				A12AACF9158D7E7C00CD140F /* el */,
			);
			name = Localizable.strings;
			path = Localizations;
			sourceTree = "<group>";
		};
/* End PBXVariantGroup section */

/* Begin XCBuildConfiguration section */
		C01FCF4B08A954540054247B /* Debug */ = {
			isa = XCBuildConfiguration;
			buildSettings = {
				ALWAYS_SEARCH_USER_PATHS = NO;
				CLANG_ENABLE_OBJC_ARC = YES;
				CLANG_WARN_OBJCPP_ARC_ABI = NO;
				CODE_SIGN_IDENTITY = "";
				COPY_PHASE_STRIP = NO;
				FRAMEWORK_SEARCH_PATHS = (
					"$(inherited)",
					"\"$(SRCROOT)\"",
					"\"$(PROJECT_DIR)/lib/reactivecocoa/ReactiveCocoaFramework\"",
				);
				GCC_DYNAMIC_NO_PIC = NO;
				GCC_MODEL_TUNING = G5;
				GCC_OPTIMIZATION_LEVEL = 0;
				GCC_PRECOMPILE_PREFIX_HEADER = YES;
				GCC_PREFIX_HEADER = gfxCardStatus_Prefix.pch;
				GCC_VERSION = "";
				INFOPLIST_FILE = "gfxCardStatus-Info.plist";
				INSTALL_PATH = /Applications;
				OTHER_LDFLAGS = "-ObjC";
				PRODUCT_NAME = gfxCardStatus;
			};
			name = Debug;
		};
		C01FCF4C08A954540054247B /* Release */ = {
			isa = XCBuildConfiguration;
			buildSettings = {
				ALWAYS_SEARCH_USER_PATHS = NO;
				CLANG_ENABLE_OBJC_ARC = YES;
				CLANG_WARN_OBJCPP_ARC_ABI = NO;
				CODE_SIGN_IDENTITY = "Developer ID Application: Cody Krieger";
				DEBUG_INFORMATION_FORMAT = "dwarf-with-dsym";
				FRAMEWORK_SEARCH_PATHS = (
					"$(inherited)",
					"\"$(SRCROOT)\"",
					"\"$(PROJECT_DIR)/lib/reactivecocoa/ReactiveCocoaFramework\"",
				);
				GCC_MODEL_TUNING = G5;
				GCC_PRECOMPILE_PREFIX_HEADER = YES;
				GCC_PREFIX_HEADER = gfxCardStatus_Prefix.pch;
				GCC_VERSION = "";
				INFOPLIST_FILE = "gfxCardStatus-Info.plist";
				INSTALL_PATH = /Applications;
				OTHER_CFLAGS = "-DNDEBUG";
				OTHER_LDFLAGS = "-ObjC";
				PRODUCT_NAME = gfxCardStatus;
				PROVISIONING_PROFILE = "";
			};
			name = Release;
		};
		C01FCF4F08A954540054247B /* Debug */ = {
			isa = XCBuildConfiguration;
			buildSettings = {
				ARCHS = "$(ARCHS_STANDARD_32_64_BIT)";
				CODE_SIGN_IDENTITY = "";
				COMBINE_HIDPI_IMAGES = YES;
				DEPLOYMENT_LOCATION = NO;
				DEPLOYMENT_POSTPROCESSING = NO;
				DSTROOT = /tmp/gfxCardStatus.dst;
				FRAMEWORK_SEARCH_PATHS = "";
				GCC_C_LANGUAGE_STANDARD = "compiler-default";
				GCC_OPTIMIZATION_LEVEL = 0;
				GCC_WARN_ABOUT_MISSING_PROTOTYPES = YES;
				GCC_WARN_ABOUT_RETURN_TYPE = YES;
				GCC_WARN_UNUSED_VARIABLE = YES;
				HEADER_SEARCH_PATHS = "";
				INSTALL_PATH = /Applications;
				MACOSX_DEPLOYMENT_TARGET = 10.6;
				ONLY_ACTIVE_ARCH = YES;
				OTHER_CFLAGS = "-DDEBUG";
				RUN_CLANG_STATIC_ANALYZER = YES;
				SDKROOT = macosx;
			};
			name = Debug;
		};
		C01FCF5008A954540054247B /* Release */ = {
			isa = XCBuildConfiguration;
			buildSettings = {
				ARCHS = "$(ARCHS_STANDARD_64_BIT)";
				CODE_SIGN_IDENTITY = "";
				COMBINE_HIDPI_IMAGES = YES;
				DEPLOYMENT_LOCATION = NO;
				DEPLOYMENT_POSTPROCESSING = NO;
				DSTROOT = /tmp/gfxCardStatus.dst;
				EXCLUDED_RECURSIVE_SEARCH_PATH_SUBDIRECTORIES = ".git *.nib *.lproj *.framework *.gch *.xcode* (*) CVS .svn";
				FRAMEWORK_SEARCH_PATHS = "";
				GCC_C_LANGUAGE_STANDARD = "compiler-default";
				GCC_VERSION = "";
				GCC_WARN_ABOUT_MISSING_PROTOTYPES = YES;
				GCC_WARN_ABOUT_RETURN_TYPE = YES;
				GCC_WARN_UNUSED_VARIABLE = YES;
				HEADER_SEARCH_PATHS = "";
				INSTALL_PATH = /Applications;
				MACOSX_DEPLOYMENT_TARGET = 10.6;
				RUN_CLANG_STATIC_ANALYZER = YES;
				SDKROOT = macosx;
				VALIDATE_PRODUCT = YES;
			};
			name = Release;
		};
/* End XCBuildConfiguration section */

/* Begin XCConfigurationList section */
		C01FCF4A08A954540054247B /* Build configuration list for PBXNativeTarget "gfxCardStatus" */ = {
			isa = XCConfigurationList;
			buildConfigurations = (
				C01FCF4B08A954540054247B /* Debug */,
				C01FCF4C08A954540054247B /* Release */,
			);
			defaultConfigurationIsVisible = 0;
			defaultConfigurationName = Release;
		};
		C01FCF4E08A954540054247B /* Build configuration list for PBXProject "gfxCardStatus" */ = {
			isa = XCConfigurationList;
			buildConfigurations = (
				C01FCF4F08A954540054247B /* Debug */,
				C01FCF5008A954540054247B /* Release */,
			);
			defaultConfigurationIsVisible = 0;
			defaultConfigurationName = Release;
		};
/* End XCConfigurationList section */
	};
	rootObject = 29B97313FDCFA39411CA2CEA /* Project object */;
}
